
Microsoft Visual Studio Solution File, Format Version 12.00
# Visual Studio Version 17
VisualStudioVersion = 17.11.35222.181
MinimumVisualStudioVersion = 10.0.40219.1
Project("{FAE04EC0-301F-11D3-BF4B-00C04F79EFBC}") = "Team11 Bank Database", "Team11 Bank Database\Team11 Bank Database.csproj", "{C9F21A91-893B-483E-BE05-6313CB1CF314}"
EndProject
Global
	GlobalSection(SolutionConfigurationPlatforms) = preSolution
		Debug|Any CPU = Debug|Any CPU
		Release|Any CPU = Release|Any CPU
	EndGlobalSection
	GlobalSection(ProjectConfigurationPlatforms) = postSolution
		{C9F21A91-893B-483E-BE05-6313CB1CF314}.Debug|Any CPU.ActiveCfg = Debug|Any CPU
		{C9F21A91-893B-483E-BE05-6313CB1CF314}.Debug|Any CPU.Build.0 = Debug|Any CPU
		{C9F21A91-893B-483E-BE05-6313CB1CF314}.Release|Any CPU.ActiveCfg = Release|Any CPU
		{C9F21A91-893B-483E-BE05-6313CB1CF314}.Release|Any CPU.Build.0 = Release|Any CPU
	EndGlobalSection
	GlobalSection(SolutionProperties) = preSolution
		HideSolutionNode = FALSE
	EndGlobalSection
	GlobalSection(ExtensibilityGlobals) = postSolution
		SolutionGuid = {154C94C5-8CC7-48A9-A516-175648D23280}
	EndGlobalSection
EndGlobal
